
Microsoft Visual Studio Solution File, Format Version 12.00
# Visual Studio Version 16
VisualStudioVersion = 16.0.31624.102
MinimumVisualStudioVersion = 10.0.40219.1
Project("{FAE04EC0-301F-11D3-BF4B-00C04F79EFBC}") = "ReactFullAPI", "ReactFullAPI\ReactFullAPI.csproj", "{ABAFA3E4-4889-483C-B64A-3F7656F57B9E}"
EndProject
Global
	GlobalSection(SolutionConfigurationPlatforms) = preSolution
		Debug|Any CPU = Debug|Any CPU
		Release|Any CPU = Release|Any CPU
	EndGlobalSection
	GlobalSection(ProjectConfigurationPlatforms) = postSolution
		{ABAFA3E4-4889-483C-B64A-3F7656F57B9E}.Debug|Any CPU.ActiveCfg = Debug|Any CPU
		{ABAFA3E4-4889-483C-B64A-3F7656F57B9E}.Debug|Any CPU.Build.0 = Debug|Any CPU
		{ABAFA3E4-4889-483C-B64A-3F7656F57B9E}.Release|Any CPU.ActiveCfg = Release|Any CPU
		{ABAFA3E4-4889-483C-B64A-3F7656F57B9E}.Release|Any CPU.Build.0 = Release|Any CPU
	EndGlobalSection
	GlobalSection(SolutionProperties) = preSolution
		HideSolutionNode = FALSE
	EndGlobalSection
	GlobalSection(ExtensibilityGlobals) = postSolution
		SolutionGuid = {B3CCBB04-0359-4E03-A06B-67F4821DA397}
	EndGlobalSection
EndGlobal
